
Microsoft Visual Studio Solution File, Format Version 12.00
# Visual Studio 15
VisualStudioVersion = 15.0.27428.2037
MinimumVisualStudioVersion = 10.0.40219.1
Project("{FAE04EC0-301F-11D3-BF4B-00C04F79EFBC}") = "PRHTON", "PRHTON\PRHTON.csproj", "{59263167-4367-4440-9E80-0683E8BA98F1}"
EndProject
Global
	GlobalSection(SolutionConfigurationPlatforms) = preSolution
		Debug|Any CPU = Debug|Any CPU
		Release|Any CPU = Release|Any CPU
	EndGlobalSection
	GlobalSection(ProjectConfigurationPlatforms) = postSolution
		{59263167-4367-4440-9E80-0683E8BA98F1}.Debug|Any CPU.ActiveCfg = Debug|Any CPU
		{59263167-4367-4440-9E80-0683E8BA98F1}.Debug|Any CPU.Build.0 = Debug|Any CPU
		{59263167-4367-4440-9E80-0683E8BA98F1}.Release|Any CPU.ActiveCfg = Release|Any CPU
		{59263167-4367-4440-9E80-0683E8BA98F1}.Release|Any CPU.Build.0 = Release|Any CPU
	EndGlobalSection
	GlobalSection(SolutionProperties) = preSolution
		HideSolutionNode = FALSE
	EndGlobalSection
	GlobalSection(ExtensibilityGlobals) = postSolution
		SolutionGuid = {FA870515-9A1D-4838-8D9C-01C55EB42E92}
	EndGlobalSection
EndGlobal
